
Microsoft Visual Studio Solution File, Format Version 12.00
# Visual Studio Version 16
VisualStudioVersion = 16.0.32228.343
MinimumVisualStudioVersion = 10.0.40219.1
Project("{FAE04EC0-301F-11D3-BF4B-00C04F79EFBC}") = "GUI", "GUI.csproj", "{AB3D64EE-995A-4D23-9255-161CA11195A2}"
EndProject
Project("{FAE04EC0-301F-11D3-BF4B-00C04F79EFBC}") = "BL", "BL\BL.csproj", "{C7F7466B-3A68-4542-86FF-330F8833AE49}"
EndProject
Project("{FAE04EC0-301F-11D3-BF4B-00C04F79EFBC}") = "DAL", "..\DAL\DAL.csproj", "{ED6BDE0C-A664-4688-8631-CE9C270E8140}"
EndProject
Global
	GlobalSection(SolutionConfigurationPlatforms) = preSolution
		Debug|Any CPU = Debug|Any CPU
		Release|Any CPU = Release|Any CPU
	EndGlobalSection
	GlobalSection(ProjectConfigurationPlatforms) = postSolution
		{AB3D64EE-995A-4D23-9255-161CA11195A2}.Debug|Any CPU.ActiveCfg = Debug|Any CPU
		{AB3D64EE-995A-4D23-9255-161CA11195A2}.Debug|Any CPU.Build.0 = Debug|Any CPU
		{AB3D64EE-995A-4D23-9255-161CA11195A2}.Release|Any CPU.ActiveCfg = Release|Any CPU
		{AB3D64EE-995A-4D23-9255-161CA11195A2}.Release|Any CPU.Build.0 = Release|Any CPU
		{C7F7466B-3A68-4542-86FF-330F8833AE49}.Debug|Any CPU.ActiveCfg = Debug|Any CPU
		{C7F7466B-3A68-4542-86FF-330F8833AE49}.Debug|Any CPU.Build.0 = Debug|Any CPU
		{C7F7466B-3A68-4542-86FF-330F8833AE49}.Release|Any CPU.ActiveCfg = Release|Any CPU
		{C7F7466B-3A68-4542-86FF-330F8833AE49}.Release|Any CPU.Build.0 = Release|Any CPU
		{ED6BDE0C-A664-4688-8631-CE9C270E8140}.Debug|Any CPU.ActiveCfg = Debug|Any CPU
		{ED6BDE0C-A664-4688-8631-CE9C270E8140}.Debug|Any CPU.Build.0 = Debug|Any CPU
		{ED6BDE0C-A664-4688-8631-CE9C270E8140}.Release|Any CPU.ActiveCfg = Release|Any CPU
		{ED6BDE0C-A664-4688-8631-CE9C270E8140}.Release|Any CPU.Build.0 = Release|Any CPU
	EndGlobalSection
	GlobalSection(SolutionProperties) = preSolution
		HideSolutionNode = FALSE
	EndGlobalSection
	GlobalSection(ExtensibilityGlobals) = postSolution
		SolutionGuid = {90695887-61CA-4493-AE30-CA3EA2BAE386}
	EndGlobalSection
EndGlobal
